<?xml version="1.0" encoding="utf-8"?>
<Project ToolsVersion="4.0" xmlns="http://schemas.microsoft.com/developer/msbuild/2003">
  <ItemGroup>
    <Filter Include="Resource Files">
      <UniqueIdentifier>{67DA6AB6-F800-4c08-8B7A-83BB121AAD01}</UniqueIdentifier>
      <Extensions>rc;ico;cur;bmp;dlg;rc2;rct;bin;rgs;gif;jpg;jpeg;jpe;resx;tiff;tif;png;wav;mfcribbon-ms</Extensions>
    </Filter>
    <Filter Include="Shaders">
      <UniqueIdentifier>{563a0e1b-fd43-4f83-a35a-0a000dafa56b}</UniqueIdentifier>
    </Filter>
    <Filter Include="Millipede">
      <UniqueIdentifier>{435ad837-4fa9-4db4-9183-551b9a847a34}</UniqueIdentifier>
    </Filter>
    <Filter Include="World">
      <UniqueIdentifier>{2e57de11-4746-40c9-9ed2-3b540187eae5}</UniqueIdentifier>
    </Filter>
    <Filter Include="Display">
      <UniqueIdentifier>{0c3f0647-5f73-4a7c-9327-625bd6cf9f3e}</UniqueIdentifier>
    </Filter>
    <Filter Include="ObjLoader">
      <UniqueIdentifier>{2caf8c09-f288-445d-9fb3-3fb6aa72f25f}</UniqueIdentifier>
    </Filter>
    <Filter Include="MeshQuery">
      <UniqueIdentifier>{9c0638ab-ee2a-482d-9477-624e0302b39d}</UniqueIdentifier>
    </Filter>
  </ItemGroup>
  <ItemGroup>
    <ClCompile Include="..\..\..\Source\Millipede.cpp">
      <Filter>Millipede</Filter>
    </ClCompile>
    <ClCompile Include="..\..\..\Source\MillipedeHead.cpp">
      <Filter>Millipede</Filter>
    </ClCompile>
    <ClCompile Include="..\..\..\Source\MillipedeLeg.cpp">
      <Filter>Millipede</Filter>
    </ClCompile>
    <ClCompile Include="..\..\..\Source\MillipedeSection.cpp">
      <Filter>Millipede</Filter>
    </ClCompile>
    <ClCompile Include="..\..\..\Source\3DDeformable.cpp">
      <Filter>World</Filter>
    </ClCompile>
    <ClCompile Include="..\..\..\Source\World.cpp">
      <Filter>World</Filter>
    </ClCompile>
    <ClCompile Include="..\..\..\Source\Sphere.cpp">
      <Filter>World</Filter>
    </ClCompile>
    <ClCompile Include="..\..\..\Source\RigidCube.cpp">
      <Filter>World</Filter>
    </ClCompile>
    <ClCompile Include="..\..\..\Source\Object.cpp">
      <Filter>World</Filter>
    </ClCompile>
    <ClCompile Include="..\..\..\Source\Cylinder.cpp">
      <Filter>World</Filter>
    </ClCompile>
    <ClCompile Include="..\..\..\Source\Cube.cpp">
      <Filter>World</Filter>
    </ClCompile>
    <ClCompile Include="..\..\..\Source\Cone.cpp">
      <Filter>World</Filter>
    </ClCompile>
    <ClCompile Include="..\..\..\Source\Terrain.cpp">
      <Filter>World</Filter>
    </ClCompile>
    <ClCompile Include="..\..\..\Source\Ball.cpp">
      <Filter>Display</Filter>
    </ClCompile>
    <ClCompile Include="..\..\..\Source\BallAux.cpp">
      <Filter>Display</Filter>
    </ClCompile>
    <ClCompile Include="..\..\..\Source\BallMath.cpp">
      <Filter>Display</Filter>
    </ClCompile>
    <ClCompile Include="..\..\..\Source\Camera.cpp">
      <Filter>Display</Filter>
    </ClCompile>
    <ClCompile Include="..\..\..\Source\Drawer.cpp">
      <Filter>Display</Filter>
    </ClCompile>
    <ClCompile Include="..\..\..\Source\Timer.cpp">
      <Filter>Display</Filter>
    </ClCompile>
    <ClCompile Include="..\..\..\Source\Utility.cpp">
      <Filter>Display</Filter>
    </ClCompile>
    <ClCompile Include="..\..\..\Source\ObjLoader\list.cpp">
      <Filter>ObjLoader</Filter>
    </ClCompile>
    <ClCompile Include="..\..\..\Source\ObjLoader\obj_parser.cpp">
      <Filter>ObjLoader</Filter>
    </ClCompile>
    <ClCompile Include="..\..\..\Source\ObjLoader\objLoader.cpp">
      <Filter>ObjLoader</Filter>
    </ClCompile>
    <ClCompile Include="..\..\..\Source\ObjLoader\string_extra.cpp">
      <Filter>ObjLoader</Filter>
    </ClCompile>
    <ClCompile Include="..\..\..\Source\main.cpp" />
    <ClCompile Include="..\..\..\Source\MeshQuery\bounding_box_tree.cpp">
      <Filter>MeshQuery</Filter>
    </ClCompile>
    <ClCompile Include="..\..\..\Source\MeshQuery\mesh_query.cpp">
      <Filter>MeshQuery</Filter>
    </ClCompile>
    <ClCompile Include="..\..\..\Source\MeshQuery\predicates.cpp">
      <Filter>MeshQuery</Filter>
    </ClCompile>
    <ClCompile Include="..\..\..\Source\HeightFieldWater.cpp">
      <Filter>World</Filter>
    </ClCompile>
  </ItemGroup>
  <ItemGroup>
    <ClInclude Include="..\..\..\Source\Millipede.h">
      <Filter>Millipede</Filter>
    </ClInclude>
    <ClInclude Include="..\..\..\Source\MillipedeHead.h">
      <Filter>Millipede</Filter>
    </ClInclude>
    <ClInclude Include="..\..\..\Source\MillipedeLeg.h">
      <Filter>Millipede</Filter>
    </ClInclude>
    <ClInclude Include="..\..\..\Source\MillipedeSection.h">
      <Filter>Millipede</Filter>
    </ClInclude>
    <ClInclude Include="..\..\..\Source\Cylinder.h">
      <Filter>World</Filter>
    </ClInclude>
    <ClInclude Include="..\..\..\Source\Cube.h">
      <Filter>World</Filter>
    </ClInclude>
    <ClInclude Include="..\..\..\Source\Cone.h">
      <Filter>World</Filter>
    </ClInclude>
    <ClInclude Include="..\..\..\Source\3DDeformable.h">
      <Filter>World</Filter>
    </ClInclude>
    <ClInclude Include="..\..\..\Source\Terrain.h">
      <Filter>World</Filter>
    </ClInclude>
    <ClInclude Include="..\..\..\Source\World.h">
      <Filter>World</Filter>
    </ClInclude>
    <ClInclude Include="..\..\..\Source\Sphere.h">
      <Filter>World</Filter>
    </ClInclude>
    <ClInclude Include="..\..\..\Source\RigidCube.h">
      <Filter>World</Filter>
    </ClInclude>
    <ClInclude Include="..\..\..\Source\Ball.h">
      <Filter>Display</Filter>
    </ClInclude>
    <ClInclude Include="..\..\..\Source\BallAux.h">
      <Filter>Display</Filter>
    </ClInclude>
    <ClInclude Include="..\..\..\Source\BallMath.h">
      <Filter>Display</Filter>
    </ClInclude>
    <ClInclude Include="..\..\..\Source\Camera.h">
      <Filter>Display</Filter>
    </ClInclude>
    <ClInclude Include="..\..\..\Source\Drawer.h">
      <Filter>Display</Filter>
    </ClInclude>
    <ClInclude Include="..\..\..\Source\Light.h">
      <Filter>Display</Filter>
    </ClInclude>
    <ClInclude Include="..\..\..\Source\Utility.h">
      <Filter>Display</Filter>
    </ClInclude>
    <ClInclude Include="..\..\..\Source\Timer.h">
      <Filter>Display</Filter>
    </ClInclude>
    <ClInclude Include="..\..\..\Source\Object.h">
      <Filter>World</Filter>
    </ClInclude>
    <ClInclude Include="..\..\..\Source\ObjLoader\obj_parser.h">
      <Filter>ObjLoader</Filter>
    </ClInclude>
    <ClInclude Include="..\..\..\Source\ObjLoader\string_extra.h">
      <Filter>ObjLoader</Filter>
    </ClInclude>
    <ClInclude Include="..\..\..\Source\ObjLoader\objLoader.h">
      <Filter>ObjLoader</Filter>
    </ClInclude>
    <ClInclude Include="..\..\..\Source\ObjLoader\list.h">
      <Filter>ObjLoader</Filter>
    </ClInclude>
    <ClInclude Include="..\..\..\Source\main.h" />
    <ClInclude Include="..\..\..\Source\MeshQuery\bounding_box.h">
      <Filter>MeshQuery</Filter>
    </ClInclude>
    <ClInclude Include="..\..\..\Source\MeshQuery\bounding_box_tree.h">
      <Filter>MeshQuery</Filter>
    </ClInclude>
    <ClInclude Include="..\..\..\Source\MeshQuery\mesh_query.h">
      <Filter>MeshQuery</Filter>
    </ClInclude>
    <ClInclude Include="..\..\..\Source\MeshQuery\predicates.h">
      <Filter>MeshQuery</Filter>
    </ClInclude>
    <ClInclude Include="..\..\..\Source\MeshQuery\util.h">
      <Filter>MeshQuery</Filter>
    </ClInclude>
    <ClInclude Include="..\..\..\Source\MeshQuery\vec.h">
      <Filter>MeshQuery</Filter>
    </ClInclude>
    <ClInclude Include="..\..\..\Source\HeightFieldWater.h">
      <Filter>World</Filter>
    </ClInclude>
  </ItemGroup>
  <ItemGroup>
    <None Include="..\..\..\Source\fPhong.glsl">
      <Filter>Shaders</Filter>
    </None>
    <None Include="..\..\..\Source\fSmoothPhong.glsl">
      <Filter>Shaders</Filter>
    </None>
    <None Include="..\..\..\Source\vPhong.glsl">
      <Filter>Shaders</Filter>
    </None>
    <None Include="..\..\..\Source\vSmoothPhong.glsl">
      <Filter>Shaders</Filter>
    </None>
  </ItemGroup>
  <ItemGroup>
    <Text Include="..\..\..\TODOLIST.txt" />
  </ItemGroup>
</Project>