
Microsoft Visual Studio Solution File, Format Version 12.00
# Visual Studio 2012
Project("{8BC9CEB8-8B4A-11D0-8D11-00A0C91BC942}") = "Millipede", "Project1\Project1.vcxproj", "{FE6C7F5B-EC55-4BFA-990E-F95D35D1A206}"
EndProject
Global
	GlobalSection(SolutionConfigurationPlatforms) = preSolution
		Debug|Win32 = Debug|Win32
		Release|Win32 = Release|Win32
	EndGlobalSection
	GlobalSection(ProjectConfigurationPlatforms) = postSolution
		{FE6C7F5B-EC55-4BFA-990E-F95D35D1A206}.Debug|Win32.ActiveCfg = Debug|Win32
		{FE6C7F5B-EC55-4BFA-990E-F95D35D1A206}.Debug|Win32.Build.0 = Debug|Win32
		{FE6C7F5B-EC55-4BFA-990E-F95D35D1A206}.Release|Win32.ActiveCfg = Release|Win32
		{FE6C7F5B-EC55-4BFA-990E-F95D35D1A206}.Release|Win32.Build.0 = Release|Win32
	EndGlobalSection
	GlobalSection(SolutionProperties) = preSolution
		HideSolutionNode = FALSE
	EndGlobalSection
	GlobalSection(Performance) = preSolution
		HasPerformanceSessions = true
	EndGlobalSection
EndGlobal
